{
  "name": "nolane-opencontainer",
  "version": "0.1.0-alpha.1",
  "lockfileVersion": 3,
  "requires": true,
  "packages": {
    "": {
      "name": "nolane-opencontainer",
      "version": "0.1.0-alpha.1",
      "workspaces": ["packages/*"],
      "engines": {"node": "24.21.0","npm": "11.19.0"}
    },
    "node_modules/@nolane/opencontainer": {"resolved":"packages/sdk","link":true},
    "node_modules/@nolane/opencontainer-diagnostics": {"resolved":"packages/diagnostics","link":true},
    "node_modules/@nolane/opencontainer-kernel": {"resolved":"packages/kernel","link":true},
    "node_modules/@nolane/opencontainer-network": {"resolved":"packages/network","link":true},
    "node_modules/@nolane/opencontainer-package-env": {"resolved":"packages/package-env","link":true},
    "node_modules/@nolane/opencontainer-persistence": {"resolved":"packages/persistence","link":true},
    "node_modules/@nolane/opencontainer-preview": {"resolved":"packages/preview","link":true},
    "node_modules/@nolane/opencontainer-process": {"resolved":"packages/process","link":true},
    "node_modules/@nolane/opencontainer-protocol": {"resolved":"packages/protocol","link":true},
    "node_modules/@nolane/opencontainer-resources": {"resolved":"packages/resources","link":true},
    "node_modules/@nolane/opencontainer-toolchain": {"resolved":"packages/toolchain","link":true},
    "node_modules/@nolane/opencontainer-vfs": {"resolved":"packages/vfs","link":true},
    "packages/diagnostics": {"name":"@nolane/opencontainer-diagnostics","version":"0.1.0-alpha.1"},
    "packages/kernel": {"name":"@nolane/opencontainer-kernel","version":"0.1.0-alpha.1"},
    "packages/network": {"name":"@nolane/opencontainer-network","version":"0.1.0-alpha.1"},
    "packages/package-env": {"name":"@nolane/opencontainer-package-env","version":"0.1.0-alpha.1"},
    "packages/persistence": {"name":"@nolane/opencontainer-persistence","version":"0.1.0-alpha.1"},
    "packages/preview": {"name":"@nolane/opencontainer-preview","version":"0.1.0-alpha.1"},
    "packages/process": {"name":"@nolane/opencontainer-process","version":"0.1.0-alpha.1"},
    "packages/protocol": {"name":"@nolane/opencontainer-protocol","version":"0.1.0-alpha.1"},
    "packages/resources": {"name":"@nolane/opencontainer-resources","version":"0.1.0-alpha.1"},
    "packages/sdk": {"name":"@nolane/opencontainer","version":"0.1.0-alpha.1"},
    "packages/toolchain": {"name":"@nolane/opencontainer-toolchain","version":"0.1.0-alpha.1"},
    "packages/vfs": {"name":"@nolane/opencontainer-vfs","version":"0.1.0-alpha.1"}
  }
}
